
Microsoft Visual Studio Solution File, Format Version 12.00
# Visual Studio Version 16
VisualStudioVersion = 16.0.31424.327
MinimumVisualStudioVersion = 10.0.40219.1
Project("{FAE04EC0-301F-11D3-BF4B-00C04F79EFBC}") = "WpfDrawingGroupDemo", "WpfDrawingGroupDemo\WpfDrawingGroupDemo.csproj", "{FC9E030C-542B-4031-BB8C-7C56CBE8E897}"
EndProject
Global
	GlobalSection(SolutionConfigurationPlatforms) = preSolution
		Debug|Any CPU = Debug|Any CPU
		Release|Any CPU = Release|Any CPU
	EndGlobalSection
	GlobalSection(ProjectConfigurationPlatforms) = postSolution
		{FC9E030C-542B-4031-BB8C-7C56CBE8E897}.Debug|Any CPU.ActiveCfg = Debug|Any CPU
		{FC9E030C-542B-4031-BB8C-7C56CBE8E897}.Debug|Any CPU.Build.0 = Debug|Any CPU
		{FC9E030C-542B-4031-BB8C-7C56CBE8E897}.Release|Any CPU.ActiveCfg = Release|Any CPU
		{FC9E030C-542B-4031-BB8C-7C56CBE8E897}.Release|Any CPU.Build.0 = Release|Any CPU
	EndGlobalSection
	GlobalSection(SolutionProperties) = preSolution
		HideSolutionNode = FALSE
	EndGlobalSection
	GlobalSection(ExtensibilityGlobals) = postSolution
		SolutionGuid = {5CD70B9F-D9D2-453C-AD66-3E57A1DBEAA2}
	EndGlobalSection
EndGlobal
